
Microsoft Visual Studio Solution File, Format Version 12.00
# Visual Studio Version 16
VisualStudioVersion = 16.0.29009.5
MinimumVisualStudioVersion = 10.0.40219.1
Project("{FAE04EC0-301F-11D3-BF4B-00C04F79EFBC}") = "TotalComander", "TotalComander\TotalComander.csproj", "{2BBBBCCE-674A-4574-9755-78CA44E523AF}"
EndProject
Global
	GlobalSection(SolutionConfigurationPlatforms) = preSolution
		Debug|Any CPU = Debug|Any CPU
		Release|Any CPU = Release|Any CPU
	EndGlobalSection
	GlobalSection(ProjectConfigurationPlatforms) = postSolution
		{2BBBBCCE-674A-4574-9755-78CA44E523AF}.Debug|Any CPU.ActiveCfg = Debug|Any CPU
		{2BBBBCCE-674A-4574-9755-78CA44E523AF}.Debug|Any CPU.Build.0 = Debug|Any CPU
		{2BBBBCCE-674A-4574-9755-78CA44E523AF}.Release|Any CPU.ActiveCfg = Release|Any CPU
		{2BBBBCCE-674A-4574-9755-78CA44E523AF}.Release|Any CPU.Build.0 = Release|Any CPU
	EndGlobalSection
	GlobalSection(SolutionProperties) = preSolution
		HideSolutionNode = FALSE
	EndGlobalSection
	GlobalSection(ExtensibilityGlobals) = postSolution
		SolutionGuid = {78ADD417-0407-4F5D-947A-62BDFE139707}
	EndGlobalSection
EndGlobal
